
Microsoft Visual Studio Solution File, Format Version 12.00
# Visual Studio 2013
VisualStudioVersion = 12.0.30723.0
MinimumVisualStudioVersion = 10.0.40219.1
Project("{FAE04EC0-301F-11D3-BF4B-00C04F79EFBC}") = "School", "School\School.csproj", "{82671E73-AB6A-4210-85D5-E168A8AE26AC}"
EndProject
Project("{FAE04EC0-301F-11D3-BF4B-00C04F79EFBC}") = "HumanStudentAndWorker", "HumanStudentAndWorker\HumanStudentAndWorker.csproj", "{E4AD3A0E-2002-484B-91EF-187EF8EFD46A}"
EndProject
Project("{FAE04EC0-301F-11D3-BF4B-00C04F79EFBC}") = "Animals", "Animal\Animals.csproj", "{18FC88A8-FF2F-4D03-9B5C-8A8A302963DC}"
EndProject
Project("{FAE04EC0-301F-11D3-BF4B-00C04F79EFBC}") = "CompanyHierarchy", "CompanyHierarchy\CompanyHierarchy.csproj", "{D93A4C04-749C-4643-8A31-4F65CFAA63F1}"
EndProject
Global
	GlobalSection(SolutionConfigurationPlatforms) = preSolution
		Debug|Any CPU = Debug|Any CPU
		Release|Any CPU = Release|Any CPU
	EndGlobalSection
	GlobalSection(ProjectConfigurationPlatforms) = postSolution
		{82671E73-AB6A-4210-85D5-E168A8AE26AC}.Debug|Any CPU.ActiveCfg = Debug|Any CPU
		{82671E73-AB6A-4210-85D5-E168A8AE26AC}.Debug|Any CPU.Build.0 = Debug|Any CPU
		{82671E73-AB6A-4210-85D5-E168A8AE26AC}.Release|Any CPU.ActiveCfg = Release|Any CPU
		{82671E73-AB6A-4210-85D5-E168A8AE26AC}.Release|Any CPU.Build.0 = Release|Any CPU
		{E4AD3A0E-2002-484B-91EF-187EF8EFD46A}.Debug|Any CPU.ActiveCfg = Debug|Any CPU
		{E4AD3A0E-2002-484B-91EF-187EF8EFD46A}.Debug|Any CPU.Build.0 = Debug|Any CPU
		{E4AD3A0E-2002-484B-91EF-187EF8EFD46A}.Release|Any CPU.ActiveCfg = Release|Any CPU
		{E4AD3A0E-2002-484B-91EF-187EF8EFD46A}.Release|Any CPU.Build.0 = Release|Any CPU
		{18FC88A8-FF2F-4D03-9B5C-8A8A302963DC}.Debug|Any CPU.ActiveCfg = Debug|Any CPU
		{18FC88A8-FF2F-4D03-9B5C-8A8A302963DC}.Debug|Any CPU.Build.0 = Debug|Any CPU
		{18FC88A8-FF2F-4D03-9B5C-8A8A302963DC}.Release|Any CPU.ActiveCfg = Release|Any CPU
		{18FC88A8-FF2F-4D03-9B5C-8A8A302963DC}.Release|Any CPU.Build.0 = Release|Any CPU
		{D93A4C04-749C-4643-8A31-4F65CFAA63F1}.Debug|Any CPU.ActiveCfg = Debug|Any CPU
		{D93A4C04-749C-4643-8A31-4F65CFAA63F1}.Debug|Any CPU.Build.0 = Debug|Any CPU
		{D93A4C04-749C-4643-8A31-4F65CFAA63F1}.Release|Any CPU.ActiveCfg = Release|Any CPU
		{D93A4C04-749C-4643-8A31-4F65CFAA63F1}.Release|Any CPU.Build.0 = Release|Any CPU
	EndGlobalSection
	GlobalSection(SolutionProperties) = preSolution
		HideSolutionNode = FALSE
	EndGlobalSection
EndGlobal
